
Microsoft Visual Studio Solution File, Format Version 12.00
# Visual Studio 15
VisualStudioVersion = 15.0.28307.102
MinimumVisualStudioVersion = 10.0.40219.1
Project("{FAE04EC0-301F-11D3-BF4B-00C04F79EFBC}") = "SieciNeuronowe", "SieciNeuronowe\SieciNeuronowe.csproj", "{B7295403-B165-4D2C-B649-8D980AE03588}"
EndProject
Global
	GlobalSection(SolutionConfigurationPlatforms) = preSolution
		Debug|Any CPU = Debug|Any CPU
		Release|Any CPU = Release|Any CPU
	EndGlobalSection
	GlobalSection(ProjectConfigurationPlatforms) = postSolution
		{B7295403-B165-4D2C-B649-8D980AE03588}.Debug|Any CPU.ActiveCfg = Debug|Any CPU
		{B7295403-B165-4D2C-B649-8D980AE03588}.Debug|Any CPU.Build.0 = Debug|Any CPU
		{B7295403-B165-4D2C-B649-8D980AE03588}.Release|Any CPU.ActiveCfg = Release|Any CPU
		{B7295403-B165-4D2C-B649-8D980AE03588}.Release|Any CPU.Build.0 = Release|Any CPU
	EndGlobalSection
	GlobalSection(SolutionProperties) = preSolution
		HideSolutionNode = FALSE
	EndGlobalSection
	GlobalSection(ExtensibilityGlobals) = postSolution
		SolutionGuid = {6E1F1033-D17A-4302-A277-1194E64AC917}
	EndGlobalSection
EndGlobal
